// !$*UTF8*$!
{
	archiveVersion = 1;
	classes = {
	};
	objectVersion = 46;
	objects = {

/* Begin PBXBuildFile section */
		4AC89B761D5EB666007E73D4 /* main.m in Sources */ = {isa = PBXBuildFile; fileRef = 4AC89B751D5EB666007E73D4 /* main.m */; };
		4AC89B791D5EB666007E73D4 /* AppDelegate.m in Sources */ = {isa = PBXBuildFile; fileRef = 4AC89B781D5EB666007E73D4 /* AppDelegate.m */; };
		4AC89B7C1D5EB666007E73D4 /* ViewController.m in Sources */ = {isa = PBXBuildFile; fileRef = 4AC89B7B1D5EB666007E73D4 /* ViewController.m */; };
		4AC89B7F1D5EB666007E73D4 /* Main.storyboard in Resources */ = {isa = PBXBuildFile; fileRef = 4AC89B7D1D5EB666007E73D4 /* Main.storyboard */; };
		4AC89B811D5EB666007E73D4 /* Assets.xcassets in Resources */ = {isa = PBXBuildFile; fileRef = 4AC89B801D5EB666007E73D4 /* Assets.xcassets */; };
		4AC89B841D5EB666007E73D4 /* LaunchScreen.storyboard in Resources */ = {isa = PBXBuildFile; fileRef = 4AC89B821D5EB666007E73D4 /* LaunchScreen.storyboard */; };
/* End PBXBuildFile section */

/* Begin PBXFileReference section */
		4AC89B711D5EB666007E73D4 /* bluetooth.app */ = {isa = PBXFileReference; explicitFileType = wrapper.application; includeInIndex = 0; path = bluetooth.app; sourceTree = BUILT_PRODUCTS_DIR; };
		4AC89B751D5EB666007E73D4 /* main.m */ = {isa = PBXFileReference; lastKnownFileType = sourcecode.c.objc; path = main.m; sourceTree = "<group>"; };
		4AC89B771D5EB666007E73D4 /* AppDelegate.h */ = {isa = PBXFileReference; lastKnownFileType = sourcecode.c.h; path = AppDelegate.h; sourceTree = "<group>"; };
		4AC89B781D5EB666007E73D4 /* AppDelegate.m */ = {isa = PBXFileReference; lastKnownFileType = sourcecode.c.objc; path = AppDelegate.m; sourceTree = "<group>"; };
		4AC89B7A1D5EB666007E73D4 /* ViewController.h */ = {isa = PBXFileReference; lastKnownFileType = sourcecode.c.h; path = ViewController.h; sourceTree = "<group>"; };
		4AC89B7B1D5EB666007E73D4 /* ViewController.m */ = {isa = PBXFileReference; lastKnownFileType = sourcecode.c.objc; path = ViewController.m; sourceTree = "<group>"; };
		4AC89B7E1D5EB666007E73D4 /* Base */ = {isa = PBXFileReference; lastKnownFileType = file.storyboard; name = Base; path = Base.lproj/Main.storyboard; sourceTree = "<group>"; };
		4AC89B801D5EB666007E73D4 /* Assets.xcassets */ = {isa = PBXFileReference; lastKnownFileType = folder.assetcatalog; path = Assets.xcassets; sourceTree = "<group>"; };
		4AC89B831D5EB666007E73D4 /* Base */ = {isa = PBXFileReference; lastKnownFileType = file.storyboard; name = Base; path = Base.lproj/LaunchScreen.storyboard; sourceTree = "<group>"; };
		4AC89B851D5EB666007E73D4 /* Info.plist */ = {isa = PBXFileReference; lastKnownFileType = text.plist.xml; path = Info.plist; sourceTree = "<group>"; };
/* End PBXFileReference section */

/* Begin PBXFrameworksBuildPhase section */
		4AC89B6E1D5EB666007E73D4 /* Frameworks */ = {
			isa = PBXFrameworksBuildPhase;
			buildActionMask = 2147483647;
			files = (
			);
			runOnlyForDeploymentPostprocessing = 0;
		};
/* End PBXFrameworksBuildPhase section */

/* Begin PBXGroup section */
		4AC89B681D5EB666007E73D4 = {
			isa = PBXGroup;
			children = (
				4AC89B731D5EB666007E73D4 /* bluetooth */,
				4AC89B721D5EB666007E73D4 /* Products */,
			);
			sourceTree = "<group>";
		};
		4AC89B721D5EB666007E73D4 /* Products */ = {
			isa = PBXGroup;
			children = (
				4AC89B711D5EB666007E73D4 /* bluetooth.app */,
			);
			name = Products;
			sourceTree = "<group>";
		};
		4AC89B731D5EB666007E73D4 /* bluetooth */ = {
			isa = PBXGroup;
			children = (
				4AC89B771D5EB666007E73D4 /* AppDelegate.h */,
				4AC89B781D5EB666007E73D4 /* AppDelegate.m */,
				4AC89B7A1D5EB666007E73D4 /* ViewController.h */,
				4AC89B7B1D5EB666007E73D4 /* ViewController.m */,
				4AC89B7D1D5EB666007E73D4 /* Main.storyboard */,
				4AC89B801D5EB666007E73D4 /* Assets.xcassets */,
				4AC89B821D5EB666007E73D4 /* LaunchScreen.storyboard */,
				4AC89B851D5EB666007E73D4 /* Info.plist */,
				4AC89B741D5EB666007E73D4 /* Supporting Files */,
			);
			path = bluetooth;
			sourceTree = "<group>";
		};
		4AC89B741D5EB666007E73D4 /* Supporting Files */ = {
			isa = PBXGroup;
			children = (
				4AC89B751D5EB666007E73D4 /* main.m */,
			);
			name = "Supporting Files";
			sourceTree = "<group>";
		};
/* End PBXGroup section */

/* Begin PBXNativeTarget section */
		4AC89B701D5EB666007E73D4 /* bluetooth */ = {
			isa = PBXNativeTarget;
			buildConfigurationList = 4AC89B881D5EB666007E73D4 /* Build configuration list for PBXNativeTarget "bluetooth" */;
			buildPhases = (
				4AC89B6D1D5EB666007E73D4 /* Sources */,
				4AC89B6E1D5EB666007E73D4 /* Frameworks */,
				4AC89B6F1D5EB666007E73D4 /* Resources */,
			);
			buildRules = (
			);
			dependencies = (
			);
			name = bluetooth;
			productName = bluetooth;
			productReference = 4AC89B711D5EB666007E73D4 /* bluetooth.app */;
			productType = "com.apple.product-type.application";
		};
/* End PBXNativeTarget section */

/* Begin PBXProject section */
		4AC89B691D5EB666007E73D4 /* Project object */ = {
			isa = PBXProject;
			attributes = {
				LastUpgradeCheck = 0720;
				ORGANIZATIONNAME = " 王伟";
				TargetAttributes = {
					4AC89B701D5EB666007E73D4 = {
						CreatedOnToolsVersion = 7.2;
						DevelopmentTeam = RAGB8RCPVC;
					};
				};
			};
			buildConfigurationList = 4AC89B6C1D5EB666007E73D4 /* Build configuration list for PBXProject "bluetooth" */;
			compatibilityVersion = "Xcode 3.2";
			developmentRegion = English;
			hasScannedForEncodings = 0;
			knownRegions = (
				en,
				Base,
			);
			mainGroup = 4AC89B681D5EB666007E73D4;
			productRefGroup = 4AC89B721D5EB666007E73D4 /* Products */;
			projectDirPath = "";
			projectRoot = "";
			targets = (
				4AC89B701D5EB666007E73D4 /* bluetooth */,
			);
		};
/* End PBXProject section */

/* Begin PBXResourcesBuildPhase section */
		4AC89B6F1D5EB666007E73D4 /* Resources */ = {
			isa = PBXResourcesBuildPhase;
			buildActionMask = 2147483647;
			files = (
				4AC89B841D5EB666007E73D4 /* LaunchScreen.storyboard in Resources */,
				4AC89B811D5EB666007E73D4 /* Assets.xcassets in Resources */,
				4AC89B7F1D5EB666007E73D4 /* Main.storyboard in Resources */,
			);
			runOnlyForDeploymentPostprocessing = 0;
		};
/* End PBXResourcesBuildPhase section */

/* Begin PBXSourcesBuildPhase section */
		4AC89B6D1D5EB666007E73D4 /* Sources */ = {
			isa = PBXSourcesBuildPhase;
			buildActionMask = 2147483647;
			files = (
				4AC89B7C1D5EB666007E73D4 /* ViewController.m in Sources */,
				4AC89B791D5EB666007E73D4 /* AppDelegate.m in Sources */,
				4AC89B761D5EB666007E73D4 /* main.m in Sources */,
			);
			runOnlyForDeploymentPostprocessing = 0;
		};
/* End PBXSourcesBuildPhase section */

/* Begin PBXVariantGroup section */
		4AC89B7D1D5EB666007E73D4 /* Main.storyboard */ = {
			isa = PBXVariantGroup;
			children = (
				4AC89B7E1D5EB666007E73D4 /* Base */,
			);
			name = Main.storyboard;
			sourceTree = "<group>";
		};
		4AC89B821D5EB666007E73D4 /* LaunchScreen.storyboard */ = {
			isa = PBXVariantGroup;
			children = (
				4AC89B831D5EB666007E73D4 /* Base */,
			);
			name = LaunchScreen.storyboard;
			sourceTree = "<group>";
		};
/* End PBXVariantGroup section */

/* Begin XCBuildConfiguration section */
		4AC89B861D5EB666007E73D4 /* Debug */ = {
			isa = XCBuildConfiguration;
			buildSettings = {
				ALWAYS_SEARCH_USER_PATHS = NO;
				CLANG_CXX_LANGUAGE_STANDARD = "gnu++0x";
				CLANG_CXX_LIBRARY = "libc++";
				CLANG_ENABLE_MODULES = YES;
				CLANG_ENABLE_OBJC_ARC = YES;
				CLANG_WARN_BOOL_CONVERSION = YES;
				CLANG_WARN_CONSTANT_CONVERSION = YES;
				CLANG_WARN_DIRECT_OBJC_ISA_USAGE = YES_ERROR;
				CLANG_WARN_EMPTY_BODY = YES;
				CLANG_WARN_ENUM_CONVERSION = YES;
				CLANG_WARN_INT_CONVERSION = YES;
				CLANG_WARN_OBJC_ROOT_CLASS = YES_ERROR;
				CLANG_WARN_UNREACHABLE_CODE = YES;
				CLANG_WARN__DUPLICATE_METHOD_MATCH = YES;
				"CODE_SIGN_IDENTITY[sdk=iphoneos*]" = "iPhone Developer";
				COPY_PHASE_STRIP = NO;
				DEBUG_INFORMATION_FORMAT = dwarf;
				ENABLE_STRICT_OBJC_MSGSEND = YES;
				ENABLE_TESTABILITY = YES;
				GCC_C_LANGUAGE_STANDARD = gnu99;
				GCC_DYNAMIC_NO_PIC = NO;
				GCC_NO_COMMON_BLOCKS = YES;
				GCC_OPTIMIZATION_LEVEL = 0;
				GCC_PREPROCESSOR_DEFINITIONS = (
					"DEBUG=1",
					"$(inherited)",
				);
				GCC_WARN_64_TO_32_BIT_CONVERSION = YES;
				GCC_WARN_ABOUT_RETURN_TYPE = YES_ERROR;
				GCC_WARN_UNDECLARED_SELECTOR = YES;
				GCC_WARN_UNINITIALIZED_AUTOS = YES_AGGRESSIVE;
				GCC_WARN_UNUSED_FUNCTION = YES;
				GCC_WARN_UNUSED_VARIABLE = YES;
				IPHONEOS_DEPLOYMENT_TARGET = 9.2;
				MTL_ENABLE_DEBUG_INFO = YES;
				ONLY_ACTIVE_ARCH = YES;
				SDKROOT = iphoneos;
			};
			name = Debug;
		};
		4AC89B871D5EB666007E73D4 /* Release */ = {
			isa = XCBuildConfiguration;
			buildSettings = {
				ALWAYS_SEARCH_USER_PATHS = NO;
				CLANG_CXX_LANGUAGE_STANDARD = "gnu++0x";
				CLANG_CXX_LIBRARY = "libc++";
				CLANG_ENABLE_MODULES = YES;
				CLANG_ENABLE_OBJC_ARC = YES;
				CLANG_WARN_BOOL_CONVERSION = YES;
				CLANG_WARN_CONSTANT_CONVERSION = YES;
				CLANG_WARN_DIRECT_OBJC_ISA_USAGE = YES_ERROR;
				CLANG_WARN_EMPTY_BODY = YES;
				CLANG_WARN_ENUM_CONVERSION = YES;
				CLANG_WARN_INT_CONVERSION = YES;
				CLANG_WARN_OBJC_ROOT_CLASS = YES_ERROR;
				CLANG_WARN_UNREACHABLE_CODE = YES;
				CLANG_WARN__DUPLICATE_METHOD_MATCH = YES;
				"CODE_SIGN_IDENTITY[sdk=iphoneos*]" = "iPhone Developer";
				COPY_PHASE_STRIP = NO;
				DEBUG_INFORMATION_FORMAT = "dwarf-with-dsym";
				ENABLE_NS_ASSERTIONS = NO;
				ENABLE_STRICT_OBJC_MSGSEND = YES;
				GCC_C_LANGUAGE_STANDARD = gnu99;
				GCC_NO_COMMON_BLOCKS = YES;
				GCC_WARN_64_TO_32_BIT_CONVERSION = YES;
				GCC_WARN_ABOUT_RETURN_TYPE = YES_ERROR;
				GCC_WARN_UNDECLARED_SELECTOR = YES;
				GCC_WARN_UNINITIALIZED_AUTOS = YES_AGGRESSIVE;
				GCC_WARN_UNUSED_FUNCTION = YES;
				GCC_WARN_UNUSED_VARIABLE = YES;
				IPHONEOS_DEPLOYMENT_TARGET = 9.2;
				MTL_ENABLE_DEBUG_INFO = NO;
				SDKROOT = iphoneos;
				VALIDATE_PRODUCT = YES;
			};
			name = Release;
		};
		4AC89B891D5EB666007E73D4 /* Debug */ = {
			isa = XCBuildConfiguration;
			buildSettings = {
				ASSETCATALOG_COMPILER_APPICON_NAME = AppIcon;
				CODE_SIGN_IDENTITY = "iPhone Developer";
				INFOPLIST_FILE = bluetooth/Info.plist;
				LD_RUNPATH_SEARCH_PATHS = "$(inherited) @executable_path/Frameworks";
				PRODUCT_BUNDLE_IDENTIFIER = com.wangwei.bluetooth;
				PRODUCT_NAME = "$(TARGET_NAME)";
			};
			name = Debug;
		};
		4AC89B8A1D5EB666007E73D4 /* Release */ = {
			isa = XCBuildConfiguration;
			buildSettings = {
				ASSETCATALOG_COMPILER_APPICON_NAME = AppIcon;
				CODE_SIGN_IDENTITY = "iPhone Developer";
				INFOPLIST_FILE = bluetooth/Info.plist;
				LD_RUNPATH_SEARCH_PATHS = "$(inherited) @executable_path/Frameworks";
				PRODUCT_BUNDLE_IDENTIFIER = com.wangwei.bluetooth;
				PRODUCT_NAME = "$(TARGET_NAME)";
			};
			name = Release;
		};
/* End XCBuildConfiguration section */

/* Begin XCConfigurationList section */
		4AC89B6C1D5EB666007E73D4 /* Build configuration list for PBXProject "bluetooth" */ = {
			isa = XCConfigurationList;
			buildConfigurations = (
				4AC89B861D5EB666007E73D4 /* Debug */,
				4AC89B871D5EB666007E73D4 /* Release */,
			);
			defaultConfigurationIsVisible = 0;
			defaultConfigurationName = Release;
		};
		4AC89B881D5EB666007E73D4 /* Build configuration list for PBXNativeTarget "bluetooth" */ = {
			isa = XCConfigurationList;
			buildConfigurations = (
				4AC89B891D5EB666007E73D4 /* Debug */,
				4AC89B8A1D5EB666007E73D4 /* Release */,
			);
			defaultConfigurationIsVisible = 0;
		};
/* End XCConfigurationList section */
	};
	rootObject = 4AC89B691D5EB666007E73D4 /* Project object */;
}
